{
  "lockfile_version": "1",
  "packages": {
    "github:NixOS/nixpkgs/nixpkgs-unstable": {
      "last_modified": "2025-10-09T02:37:25Z",
      "resolved": "github:NixOS/nixpkgs/2dad7af78a183b6c486702c18af8a9544f298377?lastModified=1759977445&narHash=sha256-LYr4IDfuihCkFAkSYz5%2F%2FgT2r1ewcWBYgd5AxPzPLIo%3D"
    },
    "mkdocs@latest": {
      "last_modified": "2025-10-07T08:41:47Z",
      "resolved": "github:NixOS/nixpkgs/bce5fe2bb998488d8e7e7856315f90496723793c#mkdocs",
      "source": "devbox-search",
      "version": "1.6.1",
      "systems": {
        "aarch64-darwin": {
          "outputs": [
            {
              "name": "out",
              "path": "/nix/store/91kvhd1bbhhrv4kwx72wh80mzvchc6sa-python3.13-mkdocs-1.6.1",
              "default": true
            },
            {
              "name": "dist",
              "path": "/nix/store/n0kka0i75pgzljmcm63634cv81h0svfs-python3.13-mkdocs-1.6.1-dist"
            }
          ],
          "store_path": "/nix/store/91kvhd1bbhhrv4kwx72wh80mzvchc6sa-python3.13-mkdocs-1.6.1"
        },
        "aarch64-linux": {
          "outputs": [
            {
              "name": "out",
              "path": "/nix/store/skkijv5xc9lsq0j4qp2dzhg4brgbqwxj-python3.13-mkdocs-1.6.1",
              "default": true
            },
            {
              "name": "dist",
              "path": "/nix/store/x5mfahg4k1wvrvfx4ax3sc6dp50xklbz-python3.13-mkdocs-1.6.1-dist"
            }
          ],
          "store_path": "/nix/store/skkijv5xc9lsq0j4qp2dzhg4brgbqwxj-python3.13-mkdocs-1.6.1"
        },
        "x86_64-darwin": {
          "outputs": [
            {
              "name": "out",
              "path": "/nix/store/ykqjhpihfrm2mzvv31pi4vkk6drfihpf-python3.13-mkdocs-1.6.1",
              "default": true
            },
            {
              "name": "dist",
              "path": "/nix/store/3xsrgy3ag1k2hk120r3iwf5ld25308yk-python3.13-mkdocs-1.6.1-dist"
            }
          ],
          "store_path": "/nix/store/ykqjhpihfrm2mzvv31pi4vkk6drfihpf-python3.13-mkdocs-1.6.1"
        },
        "x86_64-linux": {
          "outputs": [
            {
              "name": "out",
              "path": "/nix/store/m78kcwrcf0bvdhwnl7fhq48drnf25l8c-python3.13-mkdocs-1.6.1",
              "default": true
            },
            {
              "name": "dist",
              "path": "/nix/store/c30g9a0j44n1fqs4kv9kjp83hg93sbkb-python3.13-mkdocs-1.6.1-dist"
            }
          ],
          "store_path": "/nix/store/m78kcwrcf0bvdhwnl7fhq48drnf25l8c-python3.13-mkdocs-1.6.1"
        }
      }
    },
    "nodejs_24@latest": {
      "last_modified": "2025-10-13T09:56:54Z",
      "plugin_version": "0.0.2",
      "resolved": "github:NixOS/nixpkgs/c12c63cd6c5eb34c7b4c3076c6a99e00fcab86ec#nodejs_24",
      "source": "devbox-search",
      "version": "24.10.0",
      "systems": {
        "aarch64-darwin": {
          "outputs": [
            {
              "name": "out",
              "path": "/nix/store/355hbbr8bfhyij7vkqczbjmgqa9dbrsh-nodejs-24.10.0",
              "default": true
            },
            {
              "name": "dev",
              "path": "/nix/store/pfnl3nqxa7agrd4rw52z52pspss7nvbi-nodejs-24.10.0-dev"
            },
            {
              "name": "libv8",
              "path": "/nix/store/ch0ss8jqxs4dda64786ap78s3vrfi3kz-nodejs-24.10.0-libv8"
            }
          ],
          "store_path": "/nix/store/355hbbr8bfhyij7vkqczbjmgqa9dbrsh-nodejs-24.10.0"
        },
        "aarch64-linux": {
          "outputs": [
            {
              "name": "out",
              "path": "/nix/store/ybfap4y7drm5nbx358cj238ba87gp8bk-nodejs-24.10.0",
              "default": true
            },
            {
              "name": "dev",
              "path": "/nix/store/zdwjsr9hcb8ydkgwvljnm1rcbfg3336k-nodejs-24.10.0-dev"
            },
            {
              "name": "libv8",
              "path": "/nix/store/lmcnw7gwb71bfy15qb87b1cphsxvj5jp-nodejs-24.10.0-libv8"
            }
          ],
          "store_path": "/nix/store/ybfap4y7drm5nbx358cj238ba87gp8bk-nodejs-24.10.0"
        },
        "x86_64-darwin": {
          "outputs": [
            {
              "name": "out",
              "path": "/nix/store/bgh57m6c4k348hd4wyb367xwkljq42ky-nodejs-24.10.0",
              "default": true
            },
            {
              "name": "dev",
              "path": "/nix/store/747r79izxv4jm0h1zn2qdyc7hbz06ckz-nodejs-24.10.0-dev"
            },
            {
              "name": "libv8",
              "path": "/nix/store/2zb0z0qhzb29jlksjpc2vz0sk9icln1p-nodejs-24.10.0-libv8"
            }
          ],
          "store_path": "/nix/store/bgh57m6c4k348hd4wyb367xwkljq42ky-nodejs-24.10.0"
        },
        "x86_64-linux": {
          "outputs": [
            {
              "name": "out",
              "path": "/nix/store/p2sk3402d788hqn5diy5gba8cskjffzz-nodejs-24.10.0",
              "default": true
            },
            {
              "name": "dev",
              "path": "/nix/store/fn613shrdw5k5d5is7h8rs3dmi9xrh37-nodejs-24.10.0-dev"
            },
            {
              "name": "libv8",
              "path": "/nix/store/y9km82y1yqw1r7ld0xcifpj9zfzfy0q3-nodejs-24.10.0-libv8"
            }
          ],
          "store_path": "/nix/store/p2sk3402d788hqn5diy5gba8cskjffzz-nodejs-24.10.0"
        }
      }
    },
    "yarn@latest": {
      "last_modified": "2025-10-07T08:41:47Z",
      "resolved": "github:NixOS/nixpkgs/bce5fe2bb998488d8e7e7856315f90496723793c#yarn",
      "source": "devbox-search",
      "version": "1.22.22",
      "systems": {
        "aarch64-darwin": {
          "outputs": [
            {
              "name": "out",
              "path": "/nix/store/08a4ndlsxqxhl1fh8rv6xvp5g3mb2rza-yarn-1.22.22",
              "default": true
            }
          ],
          "store_path": "/nix/store/08a4ndlsxqxhl1fh8rv6xvp5g3mb2rza-yarn-1.22.22"
        },
        "aarch64-linux": {
          "outputs": [
            {
              "name": "out",
              "path": "/nix/store/lcdxpc4kmklvcjxwmc5a55r02cphyk79-yarn-1.22.22",
              "default": true
            }
          ],
          "store_path": "/nix/store/lcdxpc4kmklvcjxwmc5a55r02cphyk79-yarn-1.22.22"
        },
        "x86_64-darwin": {
          "outputs": [
            {
              "name": "out",
              "path": "/nix/store/v9zfbny8sspm8xbpdypapv8d00a1dy4x-yarn-1.22.22",
              "default": true
            }
          ],
          "store_path": "/nix/store/v9zfbny8sspm8xbpdypapv8d00a1dy4x-yarn-1.22.22"
        },
        "x86_64-linux": {
          "outputs": [
            {
              "name": "out",
              "path": "/nix/store/64qx8zj4x0597vc3if77hwcygc7vdfls-yarn-1.22.22",
              "default": true
            }
          ],
          "store_path": "/nix/store/64qx8zj4x0597vc3if77hwcygc7vdfls-yarn-1.22.22"
        }
      }
    }
  }
}
